// !$*UTF8*$!
{
	archiveVersion = 1;
	classes = {
	};
	objectVersion = 48;
	objects = {

/* Begin PBXBuildFile section */
		24411A7C1FB3375A00C7ED8F /* Signup_FaceAndVoiceViewController.swift in Sources */ = {isa = PBXBuildFile; fileRef = 24411A7B1FB3375A00C7ED8F /* Signup_FaceAndVoiceViewController.swift */; };
		244C44B71FC1D46200E20839 /* main_profileViewController.swift in Sources */ = {isa = PBXBuildFile; fileRef = 244C44B61FC1D46200E20839 /* main_profileViewController.swift */; };
		244C44B91FC2EFF200E20839 /* ExtendedUIViewController.swift in Sources */ = {isa = PBXBuildFile; fileRef = 244C44B81FC2EFF200E20839 /* ExtendedUIViewController.swift */; };
		2466D2A01FB0834A0037E88C /* LoginViewController.swift in Sources */ = {isa = PBXBuildFile; fileRef = 2466D29F1FB0834A0037E88C /* LoginViewController.swift */; };
		247960641FAB958F00E20902 /* Login.storyboard in Resources */ = {isa = PBXBuildFile; fileRef = 247960631FAB958F00E20902 /* Login.storyboard */; };
		248755AC1FAB678F0040528F /* AppDelegate.swift in Sources */ = {isa = PBXBuildFile; fileRef = 248755AB1FAB678F0040528F /* AppDelegate.swift */; };
		248755AE1FAB678F0040528F /* ProfileViewController.swift in Sources */ = {isa = PBXBuildFile; fileRef = 248755AD1FAB678F0040528F /* ProfileViewController.swift */; };
		248755B01FAB678F0040528F /* MeetupViewController.swift in Sources */ = {isa = PBXBuildFile; fileRef = 248755AF1FAB678F0040528F /* MeetupViewController.swift */; };
		248755B31FAB678F0040528F /* Main.storyboard in Resources */ = {isa = PBXBuildFile; fileRef = 248755B11FAB678F0040528F /* Main.storyboard */; };
		248755B51FAB678F0040528F /* Assets.xcassets in Resources */ = {isa = PBXBuildFile; fileRef = 248755B41FAB678F0040528F /* Assets.xcassets */; };
		248755B81FAB678F0040528F /* LaunchScreen.storyboard in Resources */ = {isa = PBXBuildFile; fileRef = 248755B61FAB678F0040528F /* LaunchScreen.storyboard */; };
		248755C31FAB678F0040528F /* LanguageTinderTests.swift in Sources */ = {isa = PBXBuildFile; fileRef = 248755C21FAB678F0040528F /* LanguageTinderTests.swift */; };
		248755CE1FAB678F0040528F /* LanguageTinderUITests.swift in Sources */ = {isa = PBXBuildFile; fileRef = 248755CD1FAB678F0040528F /* LanguageTinderUITests.swift */; };
		248755DD1FAB6B510040528F /* ChatViewController.swift in Sources */ = {isa = PBXBuildFile; fileRef = 248755DC1FAB6B510040528F /* ChatViewController.swift */; };
		249179BD1FAC8EAC00F5779A /* AppDataModel.xcdatamodeld in Sources */ = {isa = PBXBuildFile; fileRef = 249179BB1FAC8EAC00F5779A /* AppDataModel.xcdatamodeld */; };
		24A66B151FBF15FC0060978D /* Signup_LanguageSelectViewController.swift in Sources */ = {isa = PBXBuildFile; fileRef = 24A66B141FBF15FC0060978D /* Signup_LanguageSelectViewController.swift */; };
		24C108EB1FB5CCFC001ED95A /* Signup_AboutViewController.swift in Sources */ = {isa = PBXBuildFile; fileRef = 24C108EA1FB5CCFC001ED95A /* Signup_AboutViewController.swift */; };
		24C108ED1FB5EF55001ED95A /* LoggedInViewController.swift in Sources */ = {isa = PBXBuildFile; fileRef = 24C108EC1FB5EF55001ED95A /* LoggedInViewController.swift */; };
		24C108EF1FB5F444001ED95A /* MainTabBarController.swift in Sources */ = {isa = PBXBuildFile; fileRef = 24C108EE1FB5F444001ED95A /* MainTabBarController.swift */; };
		24DC24D41FACA46900D49B69 /* SignupViewController.swift in Sources */ = {isa = PBXBuildFile; fileRef = 24DC24D31FACA46900D49B69 /* SignupViewController.swift */; };
/* End PBXBuildFile section */

/* Begin PBXContainerItemProxy section */
		248755BF1FAB678F0040528F /* PBXContainerItemProxy */ = {
			isa = PBXContainerItemProxy;
			containerPortal = 248755A01FAB678F0040528F /* Project object */;
			proxyType = 1;
			remoteGlobalIDString = 248755A71FAB678F0040528F;
			remoteInfo = LanguageTinder;
		};
		248755CA1FAB678F0040528F /* PBXContainerItemProxy */ = {
			isa = PBXContainerItemProxy;
			containerPortal = 248755A01FAB678F0040528F /* Project object */;
			proxyType = 1;
			remoteGlobalIDString = 248755A71FAB678F0040528F;
			remoteInfo = LanguageTinder;
		};
/* End PBXContainerItemProxy section */

/* Begin PBXFileReference section */
		24411A7B1FB3375A00C7ED8F /* Signup_FaceAndVoiceViewController.swift */ = {isa = PBXFileReference; lastKnownFileType = sourcecode.swift; path = Signup_FaceAndVoiceViewController.swift; sourceTree = "<group>"; };
		244C44B61FC1D46200E20839 /* main_profileViewController.swift */ = {isa = PBXFileReference; lastKnownFileType = sourcecode.swift; path = main_profileViewController.swift; sourceTree = "<group>"; };
		244C44B81FC2EFF200E20839 /* ExtendedUIViewController.swift */ = {isa = PBXFileReference; lastKnownFileType = sourcecode.swift; path = ExtendedUIViewController.swift; sourceTree = "<group>"; };
		2466D29F1FB0834A0037E88C /* LoginViewController.swift */ = {isa = PBXFileReference; lastKnownFileType = sourcecode.swift; path = LoginViewController.swift; sourceTree = "<group>"; };
		247960631FAB958F00E20902 /* Login.storyboard */ = {isa = PBXFileReference; lastKnownFileType = file.storyboard; path = Login.storyboard; sourceTree = "<group>"; };
		248755A81FAB678F0040528F /* LanguageTinder.app */ = {isa = PBXFileReference; explicitFileType = wrapper.application; includeInIndex = 0; path = LanguageTinder.app; sourceTree = BUILT_PRODUCTS_DIR; };
		248755AB1FAB678F0040528F /* AppDelegate.swift */ = {isa = PBXFileReference; lastKnownFileType = sourcecode.swift; path = AppDelegate.swift; sourceTree = "<group>"; };
		248755AD1FAB678F0040528F /* ProfileViewController.swift */ = {isa = PBXFileReference; lastKnownFileType = sourcecode.swift; path = ProfileViewController.swift; sourceTree = "<group>"; };
		248755AF1FAB678F0040528F /* MeetupViewController.swift */ = {isa = PBXFileReference; lastKnownFileType = sourcecode.swift; path = MeetupViewController.swift; sourceTree = "<group>"; };
		248755B21FAB678F0040528F /* Base */ = {isa = PBXFileReference; lastKnownFileType = file.storyboard; name = Base; path = Base.lproj/Main.storyboard; sourceTree = "<group>"; };
		248755B41FAB678F0040528F /* Assets.xcassets */ = {isa = PBXFileReference; lastKnownFileType = folder.assetcatalog; path = Assets.xcassets; sourceTree = "<group>"; };
		248755B71FAB678F0040528F /* Base */ = {isa = PBXFileReference; lastKnownFileType = file.storyboard; name = Base; path = Base.lproj/LaunchScreen.storyboard; sourceTree = "<group>"; };
		248755B91FAB678F0040528F /* Info.plist */ = {isa = PBXFileReference; lastKnownFileType = text.plist.xml; path = Info.plist; sourceTree = "<group>"; };
		248755BE1FAB678F0040528F /* LanguageTinderTests.xctest */ = {isa = PBXFileReference; explicitFileType = wrapper.cfbundle; includeInIndex = 0; path = LanguageTinderTests.xctest; sourceTree = BUILT_PRODUCTS_DIR; };
		248755C21FAB678F0040528F /* LanguageTinderTests.swift */ = {isa = PBXFileReference; lastKnownFileType = sourcecode.swift; path = LanguageTinderTests.swift; sourceTree = "<group>"; };
		248755C41FAB678F0040528F /* Info.plist */ = {isa = PBXFileReference; lastKnownFileType = text.plist.xml; path = Info.plist; sourceTree = "<group>"; };
		248755C91FAB678F0040528F /* LanguageTinderUITests.xctest */ = {isa = PBXFileReference; explicitFileType = wrapper.cfbundle; includeInIndex = 0; path = LanguageTinderUITests.xctest; sourceTree = BUILT_PRODUCTS_DIR; };
		248755CD1FAB678F0040528F /* LanguageTinderUITests.swift */ = {isa = PBXFileReference; lastKnownFileType = sourcecode.swift; path = LanguageTinderUITests.swift; sourceTree = "<group>"; };
		248755CF1FAB678F0040528F /* Info.plist */ = {isa = PBXFileReference; lastKnownFileType = text.plist.xml; path = Info.plist; sourceTree = "<group>"; };
		248755DC1FAB6B510040528F /* ChatViewController.swift */ = {isa = PBXFileReference; lastKnownFileType = sourcecode.swift; path = ChatViewController.swift; sourceTree = "<group>"; };
		249179BC1FAC8EAC00F5779A /* AppDataModel.xcdatamodel */ = {isa = PBXFileReference; lastKnownFileType = wrapper.xcdatamodel; path = AppDataModel.xcdatamodel; sourceTree = "<group>"; };
		24A66B141FBF15FC0060978D /* Signup_LanguageSelectViewController.swift */ = {isa = PBXFileReference; lastKnownFileType = sourcecode.swift; path = Signup_LanguageSelectViewController.swift; sourceTree = "<group>"; };
		24C108EA1FB5CCFC001ED95A /* Signup_AboutViewController.swift */ = {isa = PBXFileReference; lastKnownFileType = sourcecode.swift; path = Signup_AboutViewController.swift; sourceTree = "<group>"; };
		24C108EC1FB5EF55001ED95A /* LoggedInViewController.swift */ = {isa = PBXFileReference; lastKnownFileType = sourcecode.swift; path = LoggedInViewController.swift; sourceTree = "<group>"; };
		24C108EE1FB5F444001ED95A /* MainTabBarController.swift */ = {isa = PBXFileReference; lastKnownFileType = sourcecode.swift; path = MainTabBarController.swift; sourceTree = "<group>"; };
		24DC24D31FACA46900D49B69 /* SignupViewController.swift */ = {isa = PBXFileReference; lastKnownFileType = sourcecode.swift; path = SignupViewController.swift; sourceTree = "<group>"; };
/* End PBXFileReference section */

/* Begin PBXFrameworksBuildPhase section */
		248755A51FAB678F0040528F /* Frameworks */ = {
			isa = PBXFrameworksBuildPhase;
			buildActionMask = 2147483647;
			files = (
			);
			runOnlyForDeploymentPostprocessing = 0;
		};
		248755BB1FAB678F0040528F /* Frameworks */ = {
			isa = PBXFrameworksBuildPhase;
			buildActionMask = 2147483647;
			files = (
			);
			runOnlyForDeploymentPostprocessing = 0;
		};
		248755C61FAB678F0040528F /* Frameworks */ = {
			isa = PBXFrameworksBuildPhase;
			buildActionMask = 2147483647;
			files = (
			);
			runOnlyForDeploymentPostprocessing = 0;
		};
/* End PBXFrameworksBuildPhase section */

/* Begin PBXGroup section */
		244C44B51FC1D0D300E20839 /* Signup */ = {
			isa = PBXGroup;
			children = (
				24DC24D31FACA46900D49B69 /* SignupViewController.swift */,
				24C108EA1FB5CCFC001ED95A /* Signup_AboutViewController.swift */,
				24A66B141FBF15FC0060978D /* Signup_LanguageSelectViewController.swift */,
				24411A7B1FB3375A00C7ED8F /* Signup_FaceAndVoiceViewController.swift */,
			);
			path = Signup;
			sourceTree = "<group>";
		};
		2487559F1FAB678F0040528F = {
			isa = PBXGroup;
			children = (
				248755AA1FAB678F0040528F /* LanguageTinder */,
				248755C11FAB678F0040528F /* LanguageTinderTests */,
				248755CC1FAB678F0040528F /* LanguageTinderUITests */,
				248755A91FAB678F0040528F /* Products */,
			);
			sourceTree = "<group>";
		};
		248755A91FAB678F0040528F /* Products */ = {
			isa = PBXGroup;
			children = (
				248755A81FAB678F0040528F /* LanguageTinder.app */,
				248755BE1FAB678F0040528F /* LanguageTinderTests.xctest */,
				248755C91FAB678F0040528F /* LanguageTinderUITests.xctest */,
			);
			name = Products;
			sourceTree = "<group>";
		};
		248755AA1FAB678F0040528F /* LanguageTinder */ = {
			isa = PBXGroup;
			children = (
				244C44B51FC1D0D300E20839 /* Signup */,
				248755DB1FAB69DC0040528F /* Model */,
				248755AB1FAB678F0040528F /* AppDelegate.swift */,
				248755AD1FAB678F0040528F /* ProfileViewController.swift */,
				248755DC1FAB6B510040528F /* ChatViewController.swift */,
				248755AF1FAB678F0040528F /* MeetupViewController.swift */,
				248755B11FAB678F0040528F /* Main.storyboard */,
				248755B41FAB678F0040528F /* Assets.xcassets */,
				247960631FAB958F00E20902 /* Login.storyboard */,
				248755B61FAB678F0040528F /* LaunchScreen.storyboard */,
				248755B91FAB678F0040528F /* Info.plist */,
				2466D29F1FB0834A0037E88C /* LoginViewController.swift */,
				24C108EC1FB5EF55001ED95A /* LoggedInViewController.swift */,
				24C108EE1FB5F444001ED95A /* MainTabBarController.swift */,
				244C44B61FC1D46200E20839 /* main_profileViewController.swift */,
				244C44B81FC2EFF200E20839 /* ExtendedUIViewController.swift */,
			);
			path = LanguageTinder;
			sourceTree = "<group>";
		};
		248755C11FAB678F0040528F /* LanguageTinderTests */ = {
			isa = PBXGroup;
			children = (
				248755C21FAB678F0040528F /* LanguageTinderTests.swift */,
				248755C41FAB678F0040528F /* Info.plist */,
			);
			path = LanguageTinderTests;
			sourceTree = "<group>";
		};
		248755CC1FAB678F0040528F /* LanguageTinderUITests */ = {
			isa = PBXGroup;
			children = (
				248755CD1FAB678F0040528F /* LanguageTinderUITests.swift */,
				248755CF1FAB678F0040528F /* Info.plist */,
			);
			path = LanguageTinderUITests;
			sourceTree = "<group>";
		};
		248755DB1FAB69DC0040528F /* Model */ = {
			isa = PBXGroup;
			children = (
				249179BB1FAC8EAC00F5779A /* AppDataModel.xcdatamodeld */,
			);
			path = Model;
			sourceTree = "<group>";
		};
/* End PBXGroup section */

/* Begin PBXNativeTarget section */
		248755A71FAB678F0040528F /* LanguageTinder */ = {
			isa = PBXNativeTarget;
			buildConfigurationList = 248755D21FAB678F0040528F /* Build configuration list for PBXNativeTarget "LanguageTinder" */;
			buildPhases = (
				248755A41FAB678F0040528F /* Sources */,
				248755A51FAB678F0040528F /* Frameworks */,
				248755A61FAB678F0040528F /* Resources */,
			);
			buildRules = (
			);
			dependencies = (
			);
			name = LanguageTinder;
			productName = LanguageTinder;
			productReference = 248755A81FAB678F0040528F /* LanguageTinder.app */;
			productType = "com.apple.product-type.application";
		};
		248755BD1FAB678F0040528F /* LanguageTinderTests */ = {
			isa = PBXNativeTarget;
			buildConfigurationList = 248755D51FAB678F0040528F /* Build configuration list for PBXNativeTarget "LanguageTinderTests" */;
			buildPhases = (
				248755BA1FAB678F0040528F /* Sources */,
				248755BB1FAB678F0040528F /* Frameworks */,
				248755BC1FAB678F0040528F /* Resources */,
			);
			buildRules = (
			);
			dependencies = (
				248755C01FAB678F0040528F /* PBXTargetDependency */,
			);
			name = LanguageTinderTests;
			productName = LanguageTinderTests;
			productReference = 248755BE1FAB678F0040528F /* LanguageTinderTests.xctest */;
			productType = "com.apple.product-type.bundle.unit-test";
		};
		248755C81FAB678F0040528F /* LanguageTinderUITests */ = {
			isa = PBXNativeTarget;
			buildConfigurationList = 248755D81FAB678F0040528F /* Build configuration list for PBXNativeTarget "LanguageTinderUITests" */;
			buildPhases = (
				248755C51FAB678F0040528F /* Sources */,
				248755C61FAB678F0040528F /* Frameworks */,
				248755C71FAB678F0040528F /* Resources */,
			);
			buildRules = (
			);
			dependencies = (
				248755CB1FAB678F0040528F /* PBXTargetDependency */,
			);
			name = LanguageTinderUITests;
			productName = LanguageTinderUITests;
			productReference = 248755C91FAB678F0040528F /* LanguageTinderUITests.xctest */;
			productType = "com.apple.product-type.bundle.ui-testing";
		};
/* End PBXNativeTarget section */

/* Begin PBXProject section */
		248755A01FAB678F0040528F /* Project object */ = {
			isa = PBXProject;
			attributes = {
				LastSwiftUpdateCheck = 0900;
				LastUpgradeCheck = 0900;
				ORGANIZATIONNAME = "Markus Buhl";
				TargetAttributes = {
					248755A71FAB678F0040528F = {
						CreatedOnToolsVersion = 9.0.1;
						ProvisioningStyle = Automatic;
					};
					248755BD1FAB678F0040528F = {
						CreatedOnToolsVersion = 9.0.1;
						ProvisioningStyle = Automatic;
						TestTargetID = 248755A71FAB678F0040528F;
					};
					248755C81FAB678F0040528F = {
						CreatedOnToolsVersion = 9.0.1;
						ProvisioningStyle = Automatic;
						TestTargetID = 248755A71FAB678F0040528F;
					};
				};
			};
			buildConfigurationList = 248755A31FAB678F0040528F /* Build configuration list for PBXProject "LanguageTinder" */;
			compatibilityVersion = "Xcode 8.0";
			developmentRegion = en;
			hasScannedForEncodings = 0;
			knownRegions = (
				en,
				Base,
			);
			mainGroup = 2487559F1FAB678F0040528F;
			productRefGroup = 248755A91FAB678F0040528F /* Products */;
			projectDirPath = "";
			projectRoot = "";
			targets = (
				248755A71FAB678F0040528F /* LanguageTinder */,
				248755BD1FAB678F0040528F /* LanguageTinderTests */,
				248755C81FAB678F0040528F /* LanguageTinderUITests */,
			);
		};
/* End PBXProject section */

/* Begin PBXResourcesBuildPhase section */
		248755A61FAB678F0040528F /* Resources */ = {
			isa = PBXResourcesBuildPhase;
			buildActionMask = 2147483647;
			files = (
				247960641FAB958F00E20902 /* Login.storyboard in Resources */,
				248755B81FAB678F0040528F /* LaunchScreen.storyboard in Resources */,
				248755B51FAB678F0040528F /* Assets.xcassets in Resources */,
				248755B31FAB678F0040528F /* Main.storyboard in Resources */,
			);
			runOnlyForDeploymentPostprocessing = 0;
		};
		248755BC1FAB678F0040528F /* Resources */ = {
			isa = PBXResourcesBuildPhase;
			buildActionMask = 2147483647;
			files = (
			);
			runOnlyForDeploymentPostprocessing = 0;
		};
		248755C71FAB678F0040528F /* Resources */ = {
			isa = PBXResourcesBuildPhase;
			buildActionMask = 2147483647;
			files = (
			);
			runOnlyForDeploymentPostprocessing = 0;
		};
/* End PBXResourcesBuildPhase section */

/* Begin PBXSourcesBuildPhase section */
		248755A41FAB678F0040528F /* Sources */ = {
			isa = PBXSourcesBuildPhase;
			buildActionMask = 2147483647;
			files = (
				2466D2A01FB0834A0037E88C /* LoginViewController.swift in Sources */,
				24C108ED1FB5EF55001ED95A /* LoggedInViewController.swift in Sources */,
				24C108EF1FB5F444001ED95A /* MainTabBarController.swift in Sources */,
				24DC24D41FACA46900D49B69 /* SignupViewController.swift in Sources */,
				244C44B71FC1D46200E20839 /* main_profileViewController.swift in Sources */,
				24A66B151FBF15FC0060978D /* Signup_LanguageSelectViewController.swift in Sources */,
				249179BD1FAC8EAC00F5779A /* AppDataModel.xcdatamodeld in Sources */,
				248755B01FAB678F0040528F /* MeetupViewController.swift in Sources */,
				24C108EB1FB5CCFC001ED95A /* Signup_AboutViewController.swift in Sources */,
				248755AC1FAB678F0040528F /* AppDelegate.swift in Sources */,
				248755DD1FAB6B510040528F /* ChatViewController.swift in Sources */,
				244C44B91FC2EFF200E20839 /* ExtendedUIViewController.swift in Sources */,
				24411A7C1FB3375A00C7ED8F /* Signup_FaceAndVoiceViewController.swift in Sources */,
				248755AE1FAB678F0040528F /* ProfileViewController.swift in Sources */,
			);
			runOnlyForDeploymentPostprocessing = 0;
		};
		248755BA1FAB678F0040528F /* Sources */ = {
			isa = PBXSourcesBuildPhase;
			buildActionMask = 2147483647;
			files = (
				248755C31FAB678F0040528F /* LanguageTinderTests.swift in Sources */,
			);
			runOnlyForDeploymentPostprocessing = 0;
		};
		248755C51FAB678F0040528F /* Sources */ = {
			isa = PBXSourcesBuildPhase;
			buildActionMask = 2147483647;
			files = (
				248755CE1FAB678F0040528F /* LanguageTinderUITests.swift in Sources */,
			);
			runOnlyForDeploymentPostprocessing = 0;
		};
/* End PBXSourcesBuildPhase section */

/* Begin PBXTargetDependency section */
		248755C01FAB678F0040528F /* PBXTargetDependency */ = {
			isa = PBXTargetDependency;
			target = 248755A71FAB678F0040528F /* LanguageTinder */;
			targetProxy = 248755BF1FAB678F0040528F /* PBXContainerItemProxy */;
		};
		248755CB1FAB678F0040528F /* PBXTargetDependency */ = {
			isa = PBXTargetDependency;
			target = 248755A71FAB678F0040528F /* LanguageTinder */;
			targetProxy = 248755CA1FAB678F0040528F /* PBXContainerItemProxy */;
		};
/* End PBXTargetDependency section */

/* Begin PBXVariantGroup section */
		248755B11FAB678F0040528F /* Main.storyboard */ = {
			isa = PBXVariantGroup;
			children = (
				248755B21FAB678F0040528F /* Base */,
			);
			name = Main.storyboard;
			sourceTree = "<group>";
		};
		248755B61FAB678F0040528F /* LaunchScreen.storyboard */ = {
			isa = PBXVariantGroup;
			children = (
				248755B71FAB678F0040528F /* Base */,
			);
			name = LaunchScreen.storyboard;
			sourceTree = "<group>";
		};
/* End PBXVariantGroup section */

/* Begin XCBuildConfiguration section */
		248755D01FAB678F0040528F /* Debug */ = {
			isa = XCBuildConfiguration;
			buildSettings = {
				ALWAYS_SEARCH_USER_PATHS = NO;
				CLANG_ANALYZER_NONNULL = YES;
				CLANG_ANALYZER_NUMBER_OBJECT_CONVERSION = YES_AGGRESSIVE;
				CLANG_CXX_LANGUAGE_STANDARD = "gnu++14";
				CLANG_CXX_LIBRARY = "libc++";
				CLANG_ENABLE_MODULES = YES;
				CLANG_ENABLE_OBJC_ARC = YES;
				CLANG_WARN_BLOCK_CAPTURE_AUTORELEASING = YES;
				CLANG_WARN_BOOL_CONVERSION = YES;
				CLANG_WARN_COMMA = YES;
				CLANG_WARN_CONSTANT_CONVERSION = YES;
				CLANG_WARN_DIRECT_OBJC_ISA_USAGE = YES_ERROR;
				CLANG_WARN_DOCUMENTATION_COMMENTS = YES;
				CLANG_WARN_EMPTY_BODY = YES;
				CLANG_WARN_ENUM_CONVERSION = YES;
				CLANG_WARN_INFINITE_RECURSION = YES;
				CLANG_WARN_INT_CONVERSION = YES;
				CLANG_WARN_NON_LITERAL_NULL_CONVERSION = YES;
				CLANG_WARN_OBJC_LITERAL_CONVERSION = YES;
				CLANG_WARN_OBJC_ROOT_CLASS = YES_ERROR;
				CLANG_WARN_RANGE_LOOP_ANALYSIS = YES;
				CLANG_WARN_STRICT_PROTOTYPES = YES;
				CLANG_WARN_SUSPICIOUS_MOVE = YES;
				CLANG_WARN_UNGUARDED_AVAILABILITY = YES_AGGRESSIVE;
				CLANG_WARN_UNREACHABLE_CODE = YES;
				CLANG_WARN__DUPLICATE_METHOD_MATCH = YES;
				CODE_SIGN_IDENTITY = "iPhone Developer";
				COPY_PHASE_STRIP = NO;
				DEBUG_INFORMATION_FORMAT = dwarf;
				ENABLE_STRICT_OBJC_MSGSEND = YES;
				ENABLE_TESTABILITY = YES;
				GCC_C_LANGUAGE_STANDARD = gnu11;
				GCC_DYNAMIC_NO_PIC = NO;
				GCC_NO_COMMON_BLOCKS = YES;
				GCC_OPTIMIZATION_LEVEL = 0;
				GCC_PREPROCESSOR_DEFINITIONS = (
					"DEBUG=1",
					"$(inherited)",
				);
				GCC_WARN_64_TO_32_BIT_CONVERSION = YES;
				GCC_WARN_ABOUT_RETURN_TYPE = YES_ERROR;
				GCC_WARN_UNDECLARED_SELECTOR = YES;
				GCC_WARN_UNINITIALIZED_AUTOS = YES_AGGRESSIVE;
				GCC_WARN_UNUSED_FUNCTION = YES;
				GCC_WARN_UNUSED_VARIABLE = YES;
				IPHONEOS_DEPLOYMENT_TARGET = 11.0;
				MTL_ENABLE_DEBUG_INFO = YES;
				ONLY_ACTIVE_ARCH = YES;
				SDKROOT = iphoneos;
				SWIFT_ACTIVE_COMPILATION_CONDITIONS = DEBUG;
				SWIFT_OPTIMIZATION_LEVEL = "-Onone";
			};
			name = Debug;
		};
		248755D11FAB678F0040528F /* Release */ = {
			isa = XCBuildConfiguration;
			buildSettings = {
				ALWAYS_SEARCH_USER_PATHS = NO;
				CLANG_ANALYZER_NONNULL = YES;
				CLANG_ANALYZER_NUMBER_OBJECT_CONVERSION = YES_AGGRESSIVE;
				CLANG_CXX_LANGUAGE_STANDARD = "gnu++14";
				CLANG_CXX_LIBRARY = "libc++";
				CLANG_ENABLE_MODULES = YES;
				CLANG_ENABLE_OBJC_ARC = YES;
				CLANG_WARN_BLOCK_CAPTURE_AUTORELEASING = YES;
				CLANG_WARN_BOOL_CONVERSION = YES;
				CLANG_WARN_COMMA = YES;
				CLANG_WARN_CONSTANT_CONVERSION = YES;
				CLANG_WARN_DIRECT_OBJC_ISA_USAGE = YES_ERROR;
				CLANG_WARN_DOCUMENTATION_COMMENTS = YES;
				CLANG_WARN_EMPTY_BODY = YES;
				CLANG_WARN_ENUM_CONVERSION = YES;
				CLANG_WARN_INFINITE_RECURSION = YES;
				CLANG_WARN_INT_CONVERSION = YES;
				CLANG_WARN_NON_LITERAL_NULL_CONVERSION = YES;
				CLANG_WARN_OBJC_LITERAL_CONVERSION = YES;
				CLANG_WARN_OBJC_ROOT_CLASS = YES_ERROR;
				CLANG_WARN_RANGE_LOOP_ANALYSIS = YES;
				CLANG_WARN_STRICT_PROTOTYPES = YES;
				CLANG_WARN_SUSPICIOUS_MOVE = YES;
				CLANG_WARN_UNGUARDED_AVAILABILITY = YES_AGGRESSIVE;
				CLANG_WARN_UNREACHABLE_CODE = YES;
				CLANG_WARN__DUPLICATE_METHOD_MATCH = YES;
				CODE_SIGN_IDENTITY = "iPhone Developer";
				COPY_PHASE_STRIP = NO;
				DEBUG_INFORMATION_FORMAT = "dwarf-with-dsym";
				ENABLE_NS_ASSERTIONS = NO;
				ENABLE_STRICT_OBJC_MSGSEND = YES;
				GCC_C_LANGUAGE_STANDARD = gnu11;
				GCC_NO_COMMON_BLOCKS = YES;
				GCC_WARN_64_TO_32_BIT_CONVERSION = YES;
				GCC_WARN_ABOUT_RETURN_TYPE = YES_ERROR;
				GCC_WARN_UNDECLARED_SELECTOR = YES;
				GCC_WARN_UNINITIALIZED_AUTOS = YES_AGGRESSIVE;
				GCC_WARN_UNUSED_FUNCTION = YES;
				GCC_WARN_UNUSED_VARIABLE = YES;
				IPHONEOS_DEPLOYMENT_TARGET = 11.0;
				MTL_ENABLE_DEBUG_INFO = NO;
				SDKROOT = iphoneos;
				SWIFT_OPTIMIZATION_LEVEL = "-Owholemodule";
				VALIDATE_PRODUCT = YES;
			};
			name = Release;
		};
		248755D31FAB678F0040528F /* Debug */ = {
			isa = XCBuildConfiguration;
			buildSettings = {
				ASSETCATALOG_COMPILER_APPICON_NAME = AppIcon;
				CODE_SIGN_STYLE = Automatic;
				DEVELOPMENT_TEAM = S35M5NS9X7;
				INFOPLIST_FILE = LanguageTinder/Info.plist;
				LD_RUNPATH_SEARCH_PATHS = "$(inherited) @executable_path/Frameworks";
				PRODUCT_BUNDLE_IDENTIFIER = mfcb.LanguageTinder;
				PRODUCT_NAME = "$(TARGET_NAME)";
				SWIFT_VERSION = 4.0;
				TARGETED_DEVICE_FAMILY = 1;
			};
			name = Debug;
		};
		248755D41FAB678F0040528F /* Release */ = {
			isa = XCBuildConfiguration;
			buildSettings = {
				ASSETCATALOG_COMPILER_APPICON_NAME = AppIcon;
				CODE_SIGN_STYLE = Automatic;
				DEVELOPMENT_TEAM = S35M5NS9X7;
				INFOPLIST_FILE = LanguageTinder/Info.plist;
				LD_RUNPATH_SEARCH_PATHS = "$(inherited) @executable_path/Frameworks";
				PRODUCT_BUNDLE_IDENTIFIER = mfcb.LanguageTinder;
				PRODUCT_NAME = "$(TARGET_NAME)";
				SWIFT_VERSION = 4.0;
				TARGETED_DEVICE_FAMILY = 1;
			};
			name = Release;
		};
		248755D61FAB678F0040528F /* Debug */ = {
			isa = XCBuildConfiguration;
			buildSettings = {
				ALWAYS_EMBED_SWIFT_STANDARD_LIBRARIES = YES;
				BUNDLE_LOADER = "$(TEST_HOST)";
				CODE_SIGN_STYLE = Automatic;
				DEVELOPMENT_TEAM = S35M5NS9X7;
				INFOPLIST_FILE = LanguageTinderTests/Info.plist;
				LD_RUNPATH_SEARCH_PATHS = "$(inherited) @executable_path/Frameworks @loader_path/Frameworks";
				PRODUCT_BUNDLE_IDENTIFIER = mfcb.LanguageTinderTests;
				PRODUCT_NAME = "$(TARGET_NAME)";
				SWIFT_VERSION = 4.0;
				TARGETED_DEVICE_FAMILY = "1,2";
				TEST_HOST = "$(BUILT_PRODUCTS_DIR)/LanguageTinder.app/LanguageTinder";
			};
			name = Debug;
		};
		248755D71FAB678F0040528F /* Release */ = {
			isa = XCBuildConfiguration;
			buildSettings = {
				ALWAYS_EMBED_SWIFT_STANDARD_LIBRARIES = YES;
				BUNDLE_LOADER = "$(TEST_HOST)";
				CODE_SIGN_STYLE = Automatic;
				DEVELOPMENT_TEAM = S35M5NS9X7;
				INFOPLIST_FILE = LanguageTinderTests/Info.plist;
				LD_RUNPATH_SEARCH_PATHS = "$(inherited) @executable_path/Frameworks @loader_path/Frameworks";
				PRODUCT_BUNDLE_IDENTIFIER = mfcb.LanguageTinderTests;
				PRODUCT_NAME = "$(TARGET_NAME)";
				SWIFT_VERSION = 4.0;
				TARGETED_DEVICE_FAMILY = "1,2";
				TEST_HOST = "$(BUILT_PRODUCTS_DIR)/LanguageTinder.app/LanguageTinder";
			};
			name = Release;
		};
		248755D91FAB678F0040528F /* Debug */ = {
			isa = XCBuildConfiguration;
			buildSettings = {
				ALWAYS_EMBED_SWIFT_STANDARD_LIBRARIES = YES;
				CODE_SIGN_STYLE = Automatic;
				DEVELOPMENT_TEAM = S35M5NS9X7;
				INFOPLIST_FILE = LanguageTinderUITests/Info.plist;
				LD_RUNPATH_SEARCH_PATHS = "$(inherited) @executable_path/Frameworks @loader_path/Frameworks";
				PRODUCT_BUNDLE_IDENTIFIER = mfcb.LanguageTinderUITests;
				PRODUCT_NAME = "$(TARGET_NAME)";
				SWIFT_VERSION = 4.0;
				TARGETED_DEVICE_FAMILY = "1,2";
				TEST_TARGET_NAME = LanguageTinder;
			};
			name = Debug;
		};
		248755DA1FAB678F0040528F /* Release */ = {
			isa = XCBuildConfiguration;
			buildSettings = {
				ALWAYS_EMBED_SWIFT_STANDARD_LIBRARIES = YES;
				CODE_SIGN_STYLE = Automatic;
				DEVELOPMENT_TEAM = S35M5NS9X7;
				INFOPLIST_FILE = LanguageTinderUITests/Info.plist;
				LD_RUNPATH_SEARCH_PATHS = "$(inherited) @executable_path/Frameworks @loader_path/Frameworks";
				PRODUCT_BUNDLE_IDENTIFIER = mfcb.LanguageTinderUITests;
				PRODUCT_NAME = "$(TARGET_NAME)";
				SWIFT_VERSION = 4.0;
				TARGETED_DEVICE_FAMILY = "1,2";
				TEST_TARGET_NAME = LanguageTinder;
			};
			name = Release;
		};
/* End XCBuildConfiguration section */

/* Begin XCConfigurationList section */
		248755A31FAB678F0040528F /* Build configuration list for PBXProject "LanguageTinder" */ = {
			isa = XCConfigurationList;
			buildConfigurations = (
				248755D01FAB678F0040528F /* Debug */,
				248755D11FAB678F0040528F /* Release */,
			);
			defaultConfigurationIsVisible = 0;
			defaultConfigurationName = Release;
		};
		248755D21FAB678F0040528F /* Build configuration list for PBXNativeTarget "LanguageTinder" */ = {
			isa = XCConfigurationList;
			buildConfigurations = (
				248755D31FAB678F0040528F /* Debug */,
				248755D41FAB678F0040528F /* Release */,
			);
			defaultConfigurationIsVisible = 0;
			defaultConfigurationName = Release;
		};
		248755D51FAB678F0040528F /* Build configuration list for PBXNativeTarget "LanguageTinderTests" */ = {
			isa = XCConfigurationList;
			buildConfigurations = (
				248755D61FAB678F0040528F /* Debug */,
				248755D71FAB678F0040528F /* Release */,
			);
			defaultConfigurationIsVisible = 0;
			defaultConfigurationName = Release;
		};
		248755D81FAB678F0040528F /* Build configuration list for PBXNativeTarget "LanguageTinderUITests" */ = {
			isa = XCConfigurationList;
			buildConfigurations = (
				248755D91FAB678F0040528F /* Debug */,
				248755DA1FAB678F0040528F /* Release */,
			);
			defaultConfigurationIsVisible = 0;
			defaultConfigurationName = Release;
		};
/* End XCConfigurationList section */

/* Begin XCVersionGroup section */
		249179BB1FAC8EAC00F5779A /* AppDataModel.xcdatamodeld */ = {
			isa = XCVersionGroup;
			children = (
				249179BC1FAC8EAC00F5779A /* AppDataModel.xcdatamodel */,
			);
			currentVersion = 249179BC1FAC8EAC00F5779A /* AppDataModel.xcdatamodel */;
			path = AppDataModel.xcdatamodeld;
			sourceTree = "<group>";
			versionGroupType = wrapper.xcdatamodel;
		};
/* End XCVersionGroup section */
	};
	rootObject = 248755A01FAB678F0040528F /* Project object */;
}
